# This file is automatically @generated by Cargo.
# It is not intended for manual editing.
version = 4

[[package]]
name = "prm_audio"
version = "0.1.0"

[[package]]
name = "prm_audio_smoke"
version = "0.1.0"
dependencies = [
 "prm_audio",
]

[[package]]
name = "prm_clipboard"
version = "0.1.0"

[[package]]
name = "prm_clipboard_smoke"
version = "0.1.0"
dependencies = [
 "prm_clipboard",
]

[[package]]
name = "prm_debug"
version = "0.1.0"

[[package]]
name = "prm_debug_smoke"
version = "0.1.0"
dependencies = [
 "prm_debug",
]

[[package]]
name = "prm_dynamiclibrary"
version = "0.1.0"

[[package]]
name = "prm_dynamiclibrary_smoke"
version = "0.1.0"
dependencies = [
 "prm_dynamiclibrary",
]

[[package]]
name = "prm_file"
version = "0.1.0"

[[package]]
name = "prm_file_smoke"
version = "0.1.0"
dependencies = [
 "prm_file",
]

[[package]]
name = "prm_hid"
version = "0.1.0"

[[package]]
name = "prm_hid_smoke"
version = "0.1.0"
dependencies = [
 "prm_hid",
 "prm_window",
]

[[package]]
name = "prm_io"
version = "0.1.0"

[[package]]
name = "prm_io_smoke"
version = "0.1.0"
dependencies = [
 "prm_io",
]

[[package]]
name = "prm_memory"
version = "0.1.0"

[[package]]
name = "prm_memory_smoke"
version = "0.1.0"
dependencies = [
 "prm_memory",
]

[[package]]
name = "prm_simd"
version = "0.1.0"

[[package]]
name = "prm_simd_smoke"
version = "0.1.0"
dependencies = [
 "prm_simd",
]

[[package]]
name = "prm_socket"
version = "0.1.0"

[[package]]
name = "prm_socket_smoke"
version = "0.1.0"
dependencies = [
 "prm_socket",
]

[[package]]
name = "prm_sync"
version = "0.1.0"

[[package]]
name = "prm_sync_smoke"
version = "0.1.0"
dependencies = [
 "prm_sync",
]

[[package]]
name = "prm_system"
version = "0.1.0"

[[package]]
name = "prm_threading"
version = "0.1.0"

[[package]]
name = "prm_threading_smoke"
version = "0.1.0"
dependencies = [
 "prm_threading",
]

[[package]]
name = "prm_time"
version = "0.1.0"

[[package]]
name = "prm_window"
version = "0.1.0"

[[package]]
name = "prm_window_smoke"
version = "0.1.0"
dependencies = [
 "prm_window",
]

[[package]]
name = "prm_wsi"
version = "0.1.0"
dependencies = [
 "prm_window",
]

[[package]]
name = "prm_wsi_smoke"
version = "0.1.0"
dependencies = [
 "prm_window",
 "prm_wsi",
]
