# This file is automatically @generated by Cargo.
# It is not intended for manual editing.
version = 4

[[package]]
name = "cap_algorithms"
version = "0.1.0"
dependencies = [
 "cap_containers",
 "cap_math",
 "cap_memory",
 "prm_time",
]

[[package]]
name = "cap_algorithms_test"
version = "0.1.0"
dependencies = [
 "cap_algorithms",
 "cap_containers",
 "cap_math",
 "cap_memory",
]

[[package]]
name = "cap_containers"
version = "0.1.0"
dependencies = [
 "cap_memory",
]

[[package]]
name = "cap_math"
version = "0.1.0"
dependencies = [
 "prm_simd",
]

[[package]]
name = "cap_memory"
version = "0.1.0"

[[package]]
name = "prm_simd"
version = "0.1.0"

[[package]]
name = "prm_time"
version = "0.1.0"
