# This file is automatically @generated by Cargo.
# It is not intended for manual editing.
version = 4

[[package]]
name = "cap_config"
version = "0.1.0"
dependencies = [
 "cap_path",
 "cap_stream",
]

[[package]]
name = "cap_memory"
version = "0.1.0"

[[package]]
name = "cap_path"
version = "0.1.0"

[[package]]
name = "cap_stream"
version = "0.1.0"
dependencies = [
 "cap_memory",
 "prm_file",
]

[[package]]
name = "prm_file"
version = "0.1.0"

[[package]]
name = "prm_time"
version = "0.1.0"

[[package]]
name = "sys_boot"
version = "0.1.0"
dependencies = [
 "cap_config",
 "cap_memory",
 "cap_path",
 "prm_file",
 "prm_time",
 "sys_vfs",
]

[[package]]
name = "sys_vfs"
version = "0.1.0"
dependencies = [
 "cap_memory",
 "cap_path",
 "prm_file",
]
