# This file is automatically @generated by Cargo.
# It is not intended for manual editing.
version = 4

[[package]]
name = "cap_crypto"
version = "0.1.0"

[[package]]
name = "cap_identifier"
version = "0.1.0"
dependencies = [
 "cap_crypto",
 "cap_random",
]

[[package]]
name = "cap_identifier_smoke"
version = "0.1.0"
dependencies = [
 "cap_identifier",
 "cap_random",
]

[[package]]
name = "cap_random"
version = "0.1.0"
