# This file is automatically @generated by Cargo.
# It is not intended for manual editing.
version = 4

[[package]]
name = "cap_concurrency"
version = "0.1.0"
dependencies = [
 "cap_containers",
 "cap_memory",
 "prm_threading",
]

[[package]]
name = "cap_containers"
version = "0.1.0"
dependencies = [
 "cap_memory",
]

[[package]]
name = "cap_memory"
version = "0.1.0"

[[package]]
name = "prm_threading"
version = "0.1.0"

[[package]]
name = "sys_job"
version = "0.1.0"
dependencies = [
 "cap_concurrency",
 "cap_containers",
 "cap_memory",
 "prm_threading",
]

[[package]]
name = "sys_job_smoke"
version = "0.1.0"
dependencies = [
 "cap_memory",
 "prm_threading",
 "sys_job",
]
