# This file is automatically @generated by Cargo.
# It is not intended for manual editing.
version = 4

[[package]]
name = "cap_io"
version = "0.1.0"
dependencies = [
 "prm_file",
 "prm_threading",
]

[[package]]
name = "cap_io_smoke"
version = "0.1.0"
dependencies = [
 "cap_io",
 "cap_path",
 "prm_file",
 "prm_time",
]

[[package]]
name = "cap_path"
version = "0.1.0"

[[package]]
name = "prm_file"
version = "0.1.0"

[[package]]
name = "prm_threading"
version = "0.1.0"

[[package]]
name = "prm_time"
version = "0.1.0"
